version = 1
revision = 3
requires-python = "==3.13.*"

[[package]]
name = "bleak"
version = "3.0.2"
source = { registry = "https://pypi.org/simple" }
dependencies = [
    { name = "dbus-fast", marker = "sys_platform == 'linux'" },
    { name = "pyobjc-core", marker = "sys_platform == 'darwin'" },
    { name = "pyobjc-framework-corebluetooth", marker = "sys_platform == 'darwin'" },
    { name = "pyobjc-framework-libdispatch", marker = "sys_platform == 'darwin'" },
    { name = "winrt-runtime", marker = "sys_platform == 'win32'" },
    { name = "winrt-windows-devices-bluetooth", marker = "sys_platform == 'win32'" },
    { name = "winrt-windows-devices-bluetooth-advertisement", marker = "sys_platform == 'win32'" },
    { name = "winrt-windows-devices-bluetooth-genericattributeprofile", marker = "sys_platform == 'win32'" },
    { name = "winrt-windows-devices-enumeration", marker = "sys_platform == 'win32'" },
    { name = "winrt-windows-devices-radios", marker = "sys_platform == 'win32'" },
    { name = "winrt-windows-foundation", marker = "sys_platform == 'win32'" },
    { name = "winrt-windows-foundation-collections", marker = "sys_platform == 'win32'" },
    { name = "winrt-windows-storage-streams", marker = "sys_platform == 'win32'" },
]
sdist = { url = "https://files.pythonhosted.org/packages/16/df/05a3f80ca8e3f7f5b0dba68a9e618147c909ccdba1468f07487dc8d72a9d/bleak-3.0.2.tar.gz", hash = "sha256:c2229cb8238d5876b4bd05c74bf7a1aea1f88da39d2e51ac9dfd5cc319d5265f", size = 125293, upload-time = "2026-05-02T23:01:04.066Z" }
wheels = [
    { url = "https://files.pythonhosted.org/packages/26/54/05aceb9cd80073805b3ed8522e3196e8cb22f70e741873fa51406c31f4e7/bleak-3.0.2-py3-none-any.whl", hash = "sha256:39092feb9e83f1df5ad2f88e837723c7211c982ce9e9cda6235104bc2ebe0d0d", size = 146490, upload-time = "2026-05-02T23:01:02.592Z" },
]

[[package]]
name = "colorama"
version = "0.4.6"
source = { registry = "https://pypi.org/simple" }
sdist = { url = "https://files.pythonhosted.org/packages/d8/53/6f443c9a4a8358a93a6792e2acffb9d9d5cb0a5cfd8802644b7b1c9a02e4/colorama-0.4.6.tar.gz", hash = "sha256:08695f5cb7ed6e0531a20572697297273c47b8cae5a63ffc6d6ed5c201be6e44", size = 27697, upload-time = "2022-10-25T02:36:22.414Z" }
wheels = [
    { url = "https://files.pythonhosted.org/packages/d1/d6/3965ed04c63042e047cb6a3e6ed1a63a35087b6a609aa3a15ed8ac56c221/colorama-0.4.6-py2.py3-none-any.whl", hash = "sha256:4f1d9991f5acc0ca119f9d443620b77f9d6b33703e51011c16baf57afb285fc6", size = 25335, upload-time = "2022-10-25T02:36:20.889Z" },
]

[[package]]
name = "dbus-fast"
version = "5.0.22"
source = { registry = "https://pypi.org/simple" }
sdist = { url = "https://files.pythonhosted.org/packages/aa/db/b621610e50b1bc46ff63534d75239553c1bf33256de6096b58214fd9808a/dbus_fast-5.0.22.tar.gz", hash = "sha256:34dc67d7d21a12399828dd13e63b352750580beea54ea7c729e708f2d2905fef", size = 83224, upload-time = "2026-06-05T18:47:59.171Z" }
wheels = [
    { url = "https://files.pythonhosted.org/packages/76/5a/fa81a6685c763ea488ad93228cb6e036adc9af6a560f4c31643691f4cfd8/dbus_fast-5.0.22-cp313-cp313-manylinux2014_aarch64.manylinux_2_17_aarch64.manylinux_2_28_aarch64.whl", hash = "sha256:de10ff3b3cb2acb1c09fe17158a470519000d37bb5ee5fd69c4075e81ce8dcf5", size = 798472, upload-time = "2026-06-05T18:56:14.141Z" },
    { url = "https://files.pythonhosted.org/packages/6a/34/6b272e6df60be1aa4d575aa30220175a52c002a649c951d9950bfa3a72d6/dbus_fast-5.0.22-cp313-cp313-manylinux2014_x86_64.manylinux_2_17_x86_64.manylinux_2_28_x86_64.whl", hash = "sha256:979761985fe343c701f2b7575285d6e370123f7231d4656209ef7824bb686bbb", size = 850312, upload-time = "2026-06-05T18:56:16.36Z" },
    { url = "https://files.pythonhosted.org/packages/d8/5c/9045c3595ddcd4069e6b5d051df06bf11a2b022592f721c9acea1e0e4d22/dbus_fast-5.0.22-cp313-cp313-manylinux_2_31_riscv64.manylinux_2_39_riscv64.whl", hash = "sha256:fb73f1d8374253b7c17d69e902cf2ded1bfb089cb6ae67c10b4e0bdfe1b8fe08", size = 828366, upload-time = "2026-06-05T18:56:17.786Z" },
    { url = "https://files.pythonhosted.org/packages/a7/78/ca6881442b8fa29edbe6d99bec4b535b0b2e2f423075d015ff5b719c4e2c/dbus_fast-5.0.22-cp313-cp313-musllinux_1_2_aarch64.whl", hash = "sha256:b67a02037eb58bcf9e445df60ea0d9d7346fd334abde3aa62e03c75823b53979", size = 806036, upload-time = "2026-06-05T18:56:19.501Z" },
    { url = "https://files.pythonhosted.org/packages/9e/c6/458728eb1caa26171e6a8ae1d0d99bd29aaeac67ad7824bbd95d7f854a41/dbus_fast-5.0.22-cp313-cp313-musllinux_1_2_riscv64.whl", hash = "sha256:83940ea00d7ee2f0c5bcb5d19d7d05e7949e52d467616a0b735d72e7285402ec", size = 828353, upload-time = "2026-06-05T18:56:21.346Z" },
    { url = "https://files.pythonhosted.org/packages/ea/1d/830b1569264780210d44898e5b0d95cffe2830b952c2ee21ea481274cd81/dbus_fast-5.0.22-cp313-cp313-musllinux_1_2_x86_64.whl", hash = "sha256:279d212e9fb262d595af2e4b5b9e951bc00c73a5c8eeb50f158caa13705b9c84", size = 857743, upload-time = "2026-06-05T18:56:22.9Z" },
]

[[package]]
name = "iniconfig"
version = "2.3.0"
source = { registry = "https://pypi.org/simple" }
sdist = { url = "https://files.pythonhosted.org/packages/72/34/14ca021ce8e5dfedc35312d08ba8bf51fdd999c576889fc2c24cb97f4f10/iniconfig-2.3.0.tar.gz", hash = "sha256:c76315c77db068650d49c5b56314774a7804df16fee4402c1f19d6d15d8c4730", size = 20503, upload-time = "2025-10-18T21:55:43.219Z" }
wheels = [
    { url = "https://files.pythonhosted.org/packages/cb/b1/3846dd7f199d53cb17f49cba7e651e9ce294d8497c8c150530ed11865bb8/iniconfig-2.3.0-py3-none-any.whl", hash = "sha256:f631c04d2c48c52b84d0d0549c99ff3859c98df65b3101406327ecc7d53fbf12", size = 7484, upload-time = "2025-10-18T21:55:41.639Z" },
]

[[package]]
name = "m5-stack-360-player"
version = "0.1.0"
source = { editable = "." }

[package.optional-dependencies]
ble = [
    { name = "bleak" },
]
player = [
    { name = "bleak" },
    { name = "python-vlc" },
]

[package.dev-dependencies]
dev = [
    { name = "pytest" },
]

[package.metadata]
requires-dist = [
    { name = "bleak", marker = "extra == 'ble'", specifier = ">=0.22.3" },
    { name = "bleak", marker = "extra == 'player'", specifier = ">=0.22.3" },
    { name = "python-vlc", marker = "extra == 'player'", specifier = ">=3.0.21203" },
]
provides-extras = ["ble", "player"]

[package.metadata.requires-dev]
dev = [{ name = "pytest", specifier = ">=8.3.4" }]

[[package]]
name = "packaging"
version = "26.2"
source = { registry = "https://pypi.org/simple" }
sdist = { url = "https://files.pythonhosted.org/packages/d7/f1/e7a6dd94a8d4a5626c03e4e99c87f241ba9e350cd9e6d75123f992427270/packaging-26.2.tar.gz", hash = "sha256:ff452ff5a3e828ce110190feff1178bb1f2ea2281fa2075aadb987c2fb221661", size = 228134, upload-time = "2026-04-24T20:15:23.917Z" }
wheels = [
    { url = "https://files.pythonhosted.org/packages/df/b2/87e62e8c3e2f4b32e5fe99e0b86d576da1312593b39f47d8ceef365e95ed/packaging-26.2-py3-none-any.whl", hash = "sha256:5fc45236b9446107ff2415ce77c807cee2862cb6fac22b8a73826d0693b0980e", size = 100195, upload-time = "2026-04-24T20:15:22.081Z" },
]

[[package]]
name = "pluggy"
version = "1.6.0"
source = { registry = "https://pypi.org/simple" }
sdist = { url = "https://files.pythonhosted.org/packages/f9/e2/3e91f31a7d2b083fe6ef3fa267035b518369d9511ffab804f839851d2779/pluggy-1.6.0.tar.gz", hash = "sha256:7dcc130b76258d33b90f61b658791dede3486c3e6bfb003ee5c9bfb396dd22f3", size = 69412, upload-time = "2025-05-15T12:30:07.975Z" }
wheels = [
    { url = "https://files.pythonhosted.org/packages/54/20/4d324d65cc6d9205fabedc306948156824eb9f0ee1633355a8f7ec5c66bf/pluggy-1.6.0-py3-none-any.whl", hash = "sha256:e920276dd6813095e9377c0bc5566d94c932c33b27a3e3945d8389c374dd4746", size = 20538, upload-time = "2025-05-15T12:30:06.134Z" },
]

[[package]]
name = "pygments"
version = "2.20.0"
source = { registry = "https://pypi.org/simple" }
sdist = { url = "https://files.pythonhosted.org/packages/c3/b2/bc9c9196916376152d655522fdcebac55e66de6603a76a02bca1b6414f6c/pygments-2.20.0.tar.gz", hash = "sha256:6757cd03768053ff99f3039c1a36d6c0aa0b263438fcab17520b30a303a82b5f", size = 4955991, upload-time = "2026-03-29T13:29:33.898Z" }
wheels = [
    { url = "https://files.pythonhosted.org/packages/f4/7e/a72dd26f3b0f4f2bf1dd8923c85f7ceb43172af56d63c7383eb62b332364/pygments-2.20.0-py3-none-any.whl", hash = "sha256:81a9e26dd42fd28a23a2d169d86d7ac03b46e2f8b59ed4698fb4785f946d0176", size = 1231151, upload-time = "2026-03-29T13:29:30.038Z" },
]

[[package]]
name = "pyobjc-core"
version = "12.2.1"
source = { registry = "https://pypi.org/simple" }
sdist = { url = "https://files.pythonhosted.org/packages/b4/b1/729f7458a63758bd21716648a8abcd9a0c8f2d2e9897763c8a1a1c7fd31b/pyobjc_core-12.2.1.tar.gz", hash = "sha256:7a7b9b018402342cf32bf1956366896350fbe5c0478cb3ef59778f77abed7f07", size = 1063383, upload-time = "2026-06-19T16:19:39.357Z" }
wheels = [
    { url = "https://files.pythonhosted.org/packages/3e/1e/b9b0ddffae66996b8779f1f7958adc9f21c13a0448cd3be8d7fe589b5b0f/pyobjc_core-12.2.1-cp313-cp313-macosx_10_13_universal2.whl", hash = "sha256:af101222762665a4125157906cb4b23f5d5a63d3851d5e0504f72a1eaaa2cfd2", size = 6436004, upload-time = "2026-06-19T16:04:53.257Z" },
    { url = "https://files.pythonhosted.org/packages/8f/26/bd309ede07784c6e5fac4b440c90a5f72a66da7859ed303a9392fe8a5f3f/pyobjc_core-12.2.1-cp313-cp313t-macosx_10_13_universal2.whl", hash = "sha256:efe465e3ecc6fc73f7c7622620345d134a8d34564ab1c29d8247e45f4ed55071", size = 6687044, upload-time = "2026-06-19T16:04:57.42Z" },
]

[[package]]
name = "pyobjc-framework-cocoa"
version = "12.2.1"
source = { registry = "https://pypi.org/simple" }
dependencies = [
    { name = "pyobjc-core" },
]
sdist = { url = "https://files.pythonhosted.org/packages/51/34/fbe38a204643aa4e1b91391cdce07a34da565a69171ebcad08de7438a556/pyobjc_framework_cocoa-12.2.1.tar.gz", hash = "sha256:b94b37fe5730e5ae1fb0052912cd174e6ec329b0bfba4a012ae5db1014b5864b", size = 3125751, upload-time = "2026-06-19T16:20:05.159Z" }
wheels = [
    { url = "https://files.pythonhosted.org/packages/cc/46/68e8e4d926a2f70fed0437047bc3f9fe08af8fe620d94d80656ebc3cfa9b/pyobjc_framework_cocoa-12.2.1-cp313-cp313-macosx_10_13_universal2.whl", hash = "sha256:3b74a78fa7803e547b32e5e8ec1b49987b52fe318383e793bc6cd49b80efbd9f", size = 388183, upload-time = "2026-06-19T16:07:40.483Z" },
    { url = "https://files.pythonhosted.org/packages/2e/f3/dfc9af4c9eb2e5389c860ad5ef252be9fe456db09f39d537555dc5057aa1/pyobjc_framework_cocoa-12.2.1-cp313-cp313t-macosx_10_13_universal2.whl", hash = "sha256:dc2eaca2f13c7bcd8e41e51a372e47825dea9dd3126108760eed7ba883d2945c", size = 392275, upload-time = "2026-06-19T16:07:42.078Z" },
]

[[package]]
name = "pyobjc-framework-corebluetooth"
version = "12.2.1"
source = { registry = "https://pypi.org/simple" }
dependencies = [
    { name = "pyobjc-core" },
    { name = "pyobjc-framework-cocoa" },
]
sdist = { url = "https://files.pythonhosted.org/packages/d4/91/c76f3c5e8e80c7047e43c4c05b3e6fda9a7cefad5aae85487007674c966c/pyobjc_framework_corebluetooth-12.2.1.tar.gz", hash = "sha256:7dbb285295097205bebbcb11f55161e5faa02111108fb7b17536176e31971eb0", size = 37568, upload-time = "2026-06-19T16:20:12.191Z" }
wheels = [
    { url = "https://files.pythonhosted.org/packages/ae/79/890a53ed45c1006eedcf60627b7d661c8696e5367723ceb25cc6a0216b30/pyobjc_framework_corebluetooth-12.2.1-cp313-cp313-macosx_10_13_universal2.whl", hash = "sha256:30a26eef36c250fc14e73335641e24f764b32b7e42bae945a5d8a1c2347040b5", size = 13235, upload-time = "2026-06-19T16:08:28.727Z" },
    { url = "https://files.pythonhosted.org/packages/22/7a/40ffc3be8e31b1eb1f8f5eb2a58ef832287fb1ea6b3c452dc8b25b9e064b/pyobjc_framework_corebluetooth-12.2.1-cp313-cp313t-macosx_10_13_universal2.whl", hash = "sha256:756933b9ce6160a986c8877ab667659fa2d8e15aff28d0981b5284fbdd1ea735", size = 13416, upload-time = "2026-06-19T16:08:29.643Z" },
]

[[package]]
name = "pyobjc-framework-libdispatch"
version = "12.2.1"
source = { registry = "https://pypi.org/simple" }
dependencies = [
    { name = "pyobjc-core" },
    { name = "pyobjc-framework-cocoa" },
]
sdist = { url = "https://files.pythonhosted.org/packages/d9/3f/561653aff3f19873457c95c053f0298da517be89fdfc0ec35115ed5b7030/pyobjc_framework_libdispatch-12.2.1.tar.gz", hash = "sha256:0d24eda41c6c258135077f60d410e704bc7b5a67adcb2ca463918896c7363795", size = 40336, upload-time = "2026-06-19T16:20:56.371Z" }
wheels = [
    { url = "https://files.pythonhosted.org/packages/22/c6/cfe97f1beb13f5b7ca5c4348158c2de886d58ffba5be09a9376557f7d6f6/pyobjc_framework_libdispatch-12.2.1-cp313-cp313-macosx_10_13_universal2.whl", hash = "sha256:9c0ebf99520083bf17c007a544c100056a0d4ae5c346fb89e1bdfe6d041f16f2", size = 15679, upload-time = "2026-06-19T16:12:51.28Z" },
    { url = "https://files.pythonhosted.org/packages/d7/de/ef6b51bc72fe5ac1df80c34b1b13a97d0922ddd6bc5d3ecf5ead1557bf34/pyobjc_framework_libdispatch-12.2.1-cp313-cp313t-macosx_10_13_universal2.whl", hash = "sha256:3f56fd71b963a0b6e440ed2f0ea2fb635221758b7eb908ba38f96f5144b83ca3", size = 15946, upload-time = "2026-06-19T16:12:52.098Z" },
]

[[package]]
name = "pytest"
version = "9.1.1"
source = { registry = "https://pypi.org/simple" }
dependencies = [
    { name = "colorama", marker = "sys_platform == 'win32'" },
    { name = "iniconfig" },
    { name = "packaging" },
    { name = "pluggy" },
    { name = "pygments" },
]
sdist = { url = "https://files.pythonhosted.org/packages/e4/47/b9efed96c114afcfa3c9d3fe98a76a1d14c74a9e266d397cf6eb64be5e01/pytest-9.1.1.tar.gz", hash = "sha256:1088fbde8f2b49d95a549a195707afa7a76a3ce9bcadc26b6d71f0ffda5fe313", size = 1636369, upload-time = "2026-06-19T10:58:32.857Z" }
wheels = [
    { url = "https://files.pythonhosted.org/packages/24/25/1de2678b631f5a49215c6c96fff41ba892b0a34df68d6d80292b1b48aa7f/pytest-9.1.1-py3-none-any.whl", hash = "sha256:37a86b45efb9a47a61a36449063e8e18d0cab3161329fc099eb21783169c4f0c", size = 386536, upload-time = "2026-06-19T10:58:31.347Z" },
]

[[package]]
name = "python-vlc"
version = "3.0.21203"
source = { registry = "https://pypi.org/simple" }
sdist = { url = "https://files.pythonhosted.org/packages/4b/5b/f9ce6f0c9877b6fe5eafbade55e0dcb6b2b30f1c2c95837aef40e390d63b/python_vlc-3.0.21203.tar.gz", hash = "sha256:52d0544b276b11e58b6c0b748c3e0518f94f74b1b4cd328c83a59eacabead1ec", size = 162211, upload-time = "2024-10-07T14:39:54.755Z" }
wheels = [
    { url = "https://files.pythonhosted.org/packages/5b/ee/7d76eb3b50ccb1397621f32ede0fb4d17aa55a9aa2251bc34e6b9929fdce/python_vlc-3.0.21203-py3-none-any.whl", hash = "sha256:1613451a31b692ec276296ceeae0c0ba82bfc2d094dabf9aceb70f58944a6320", size = 87651, upload-time = "2024-10-07T14:39:50.021Z" },
]

[[package]]
name = "typing-extensions"
version = "4.15.0"
source = { registry = "https://pypi.org/simple" }
sdist = { url = "https://files.pythonhosted.org/packages/72/94/1a15dd82efb362ac84269196e94cf00f187f7ed21c242792a923cdb1c61f/typing_extensions-4.15.0.tar.gz", hash = "sha256:0cea48d173cc12fa28ecabc3b837ea3cf6f38c6d1136f85cbaaf598984861466", size = 109391, upload-time = "2025-08-25T13:49:26.313Z" }
wheels = [
    { url = "https://files.pythonhosted.org/packages/18/67/36e9267722cc04a6b9f15c7f3441c2363321a3ea07da7ae0c0707beb2a9c/typing_extensions-4.15.0-py3-none-any.whl", hash = "sha256:f0fa19c6845758ab08074a0cfa8b7aecb71c999ca73d62883bc25cc018c4e548", size = 44614, upload-time = "2025-08-25T13:49:24.86Z" },
]

[[package]]
name = "winrt-runtime"
version = "3.2.1"
source = { registry = "https://pypi.org/simple" }
dependencies = [
    { name = "typing-extensions" },
]
sdist = { url = "https://files.pythonhosted.org/packages/16/dd/acdd527c1d890c8f852cc2af644aa6c160974e66631289420aa871b05e65/winrt_runtime-3.2.1.tar.gz", hash = "sha256:c8dca19e12b234ae6c3dadf1a4d0761b51e708457492c13beb666556958801ea", size = 21721, upload-time = "2025-06-06T14:40:27.593Z" }
wheels = [
    { url = "https://files.pythonhosted.org/packages/79/d4/1a555d8bdcb8b920f8e896232c82901cc0cda6d3e4f92842199ae7dff70a/winrt_runtime-3.2.1-cp313-cp313-win32.whl", hash = "sha256:44e2733bc709b76c554aee6c7fe079443b8306b2e661e82eecfebe8b9d71e4d1", size = 210022, upload-time = "2025-06-06T06:44:11.767Z" },
    { url = "https://files.pythonhosted.org/packages/aa/24/2b6e536ca7745d788dfd17a2ec376fa03a8c7116dc638bb39b035635484f/winrt_runtime-3.2.1-cp313-cp313-win_amd64.whl", hash = "sha256:3c1fdcaeedeb2920dc3b9039db64089a6093cad2be56a3e64acc938849245a6d", size = 241349, upload-time = "2025-06-06T06:44:12.661Z" },
    { url = "https://files.pythonhosted.org/packages/d4/7f/6d72973279e2929b2a71ed94198ad4a5d63ee2936e91a11860bf7b431410/winrt_runtime-3.2.1-cp313-cp313-win_arm64.whl", hash = "sha256:28f3dab083412625ff4d2b46e81246932e6bebddf67bea7f05e01712f54e6159", size = 415126, upload-time = "2025-06-06T06:44:13.702Z" },
]

[[package]]
name = "winrt-windows-devices-bluetooth"
version = "3.2.1"
source = { registry = "https://pypi.org/simple" }
dependencies = [
    { name = "winrt-runtime" },
]
sdist = { url = "https://files.pythonhosted.org/packages/b2/a0/1c8a0c469abba7112265c6cb52f0090d08a67c103639aee71fc690e614b8/winrt_windows_devices_bluetooth-3.2.1.tar.gz", hash = "sha256:db496d2d92742006d5a052468fc355bf7bb49e795341d695c374746113d74505", size = 23732, upload-time = "2025-06-06T14:41:20.489Z" }
wheels = [
    { url = "https://files.pythonhosted.org/packages/d4/cc/797516c5c0f8d7f5b680862e0ed7c1087c58aec0bcf57a417fa90f7eb983/winrt_windows_devices_bluetooth-3.2.1-cp313-cp313-win32.whl", hash = "sha256:12b0a16fb36ce0b42243ca81f22a6b53fbb344ed7ea07a6eeec294604f0505e4", size = 105757, upload-time = "2025-06-06T07:00:13.269Z" },
    { url = "https://files.pythonhosted.org/packages/05/6d/f60588846a065e69a2ec5e67c5f85eb45cb7edef2ee8974cd52fa8504de6/winrt_windows_devices_bluetooth-3.2.1-cp313-cp313-win_amd64.whl", hash = "sha256:6703dfbe444ee22426738830fb305c96a728ea9ccce905acfdf811d81045fdb3", size = 113363, upload-time = "2025-06-06T07:00:14.135Z" },
    { url = "https://files.pythonhosted.org/packages/2c/13/2d3c4762018b26a9f66879676ea15d7551cdbf339c8e8e0c56ea05ea31ef/winrt_windows_devices_bluetooth-3.2.1-cp313-cp313-win_arm64.whl", hash = "sha256:2cf8a0bfc9103e32dc7237af15f84be06c791f37711984abdca761f6318bbdb2", size = 104722, upload-time = "2025-06-06T07:00:14.999Z" },
]

[[package]]
name = "winrt-windows-devices-bluetooth-advertisement"
version = "3.2.1"
source = { registry = "https://pypi.org/simple" }
dependencies = [
    { name = "winrt-runtime" },
]
sdist = { url = "https://files.pythonhosted.org/packages/06/fc/7ffe66ca4109b9e994b27c00f3d2d506e6e549e268791f755287ad9106d8/winrt_windows_devices_bluetooth_advertisement-3.2.1.tar.gz", hash = "sha256:0223852a7b7fa5c8dea3c6a93473bd783df4439b1ed938d9871f947933e574cc", size = 16906, upload-time = "2025-06-06T14:41:21.448Z" }
wheels = [
    { url = "https://files.pythonhosted.org/packages/34/01/8fc8e57605ea08dd0723c035ed0c2d0435dace2bc80a66d33aecfea49a56/winrt_windows_devices_bluetooth_advertisement-3.2.1-cp313-cp313-win32.whl", hash = "sha256:4122348ea525a914e85615647a0b54ae8b2f42f92cdbf89c5a12eea53ef6ed90", size = 90037, upload-time = "2025-06-06T07:00:25.818Z" },
    { url = "https://files.pythonhosted.org/packages/86/83/503cf815d84c5ba8c8bc61480f32e55579ebf76630163405f7df39aa297b/winrt_windows_devices_bluetooth_advertisement-3.2.1-cp313-cp313-win_amd64.whl", hash = "sha256:b66410c04b8dae634a7e4b615c3b7f8adda9c7d4d6902bcad5b253da1a684943", size = 95822, upload-time = "2025-06-06T07:00:26.666Z" },
    { url = "https://files.pythonhosted.org/packages/32/13/052be8b6642e6f509b30c194312b37bfee8b6b60ac3bd5ca2968c3ea5b80/winrt_windows_devices_bluetooth_advertisement-3.2.1-cp313-cp313-win_arm64.whl", hash = "sha256:07af19b1d252ddb9dd3eb2965118bc2b7cabff4dda6e499341b765e5038ca61d", size = 89326, upload-time = "2025-06-06T07:00:27.477Z" },
]

[[package]]
name = "winrt-windows-devices-bluetooth-genericattributeprofile"
version = "3.2.1"
source = { registry = "https://pypi.org/simple" }
dependencies = [
    { name = "winrt-runtime" },
]
sdist = { url = "https://files.pythonhosted.org/packages/44/21/aeeddc0eccdfbd25e543360b5cc093233e2eab3cdfb53ad3cabae1b5d04d/winrt_windows_devices_bluetooth_genericattributeprofile-3.2.1.tar.gz", hash = "sha256:cdf6ddc375e9150d040aca67f5a17c41ceaf13a63f3668f96608bc1d045dde71", size = 38896, upload-time = "2025-06-06T14:41:22.687Z" }
wheels = [
    { url = "https://files.pythonhosted.org/packages/ec/93/30b45ce473d1a604908221a1fa035fe8d5e4bb9008e820ae671a21dab94c/winrt_windows_devices_bluetooth_genericattributeprofile-3.2.1-cp313-cp313-win32.whl", hash = "sha256:b1879c8dcf46bd2110b9ad4b0b185f4e2a5f95170d014539203a5fee2b2115f0", size = 183342, upload-time = "2025-06-06T07:00:56.16Z" },
    { url = "https://files.pythonhosted.org/packages/5b/3b/eb9d99b82a36002d7885206d00ea34f4a23db69c16c94816434ded728fa3/winrt_windows_devices_bluetooth_genericattributeprofile-3.2.1-cp313-cp313-win_amd64.whl", hash = "sha256:8d8d89f01e9b6931fb48217847caac3227a0aeb38a5b7782af71c2e7b262ec30", size = 187844, upload-time = "2025-06-06T07:00:57.134Z" },
    { url = "https://files.pythonhosted.org/packages/84/9b/ebbbe9be9a3e640dcfc5f166eb48f2f9d8ce42553f83aa9f4c5dcd9eb5f5/winrt_windows_devices_bluetooth_genericattributeprofile-3.2.1-cp313-cp313-win_arm64.whl", hash = "sha256:4e71207bb89798016b1795bb15daf78afe45529f2939b3b9e78894cfe650b383", size = 184540, upload-time = "2025-06-06T07:00:58.081Z" },
]

[[package]]
name = "winrt-windows-devices-enumeration"
version = "3.2.1"
source = { registry = "https://pypi.org/simple" }
dependencies = [
    { name = "winrt-runtime" },
]
sdist = { url = "https://files.pythonhosted.org/packages/9e/dd/75835bfbd063dffa152109727dedbd80f6e92ea284855f7855d48cdf31c9/winrt_windows_devices_enumeration-3.2.1.tar.gz", hash = "sha256:df316899e39bfc0ffc1f3cb0f5ee54d04e1d167fbbcc1484d2d5121449a935cf", size = 23538, upload-time = "2025-06-06T14:41:26.787Z" }
wheels = [
    { url = "https://files.pythonhosted.org/packages/ff/7d/ebd712ab8ccd599c593796fbcd606abe22b5a8e20db134aa87987d67ac0e/winrt_windows_devices_enumeration-3.2.1-cp313-cp313-win32.whl", hash = "sha256:14a71cdcc84f624c209cbb846ed6bd9767a9a9437b2bf26b48ac9a91599da6e9", size = 130276, upload-time = "2025-06-06T07:02:05.178Z" },
    { url = "https://files.pythonhosted.org/packages/70/de/f30daaaa0e6f4edb6bd7ddb3e058bd453c9ad90c032a4545c4d4639338aa/winrt_windows_devices_enumeration-3.2.1-cp313-cp313-win_amd64.whl", hash = "sha256:6ca40d334734829e178ad46375275c4f7b5d6d2d4fc2e8879690452cbfb36015", size = 141536, upload-time = "2025-06-06T07:02:06.067Z" },
    { url = "https://files.pythonhosted.org/packages/75/4b/9a6aafdc74a085c550641a325be463bf4b811f6f605766c9cd4f4b5c19d2/winrt_windows_devices_enumeration-3.2.1-cp313-cp313-win_arm64.whl", hash = "sha256:2d14d187f43e4409c7814b7d1693c03a270e77489b710d92fcbbaeca5de260d4", size = 135362, upload-time = "2025-06-06T07:02:06.997Z" },
]

[[package]]
name = "winrt-windows-devices-radios"
version = "3.2.1"
source = { registry = "https://pypi.org/simple" }
dependencies = [
    { name = "winrt-runtime" },
]
sdist = { url = "https://files.pythonhosted.org/packages/5e/02/9704ea359ad8b0d6faa1011f98fb477e8fb6eac5201f39d19e73c2407e7b/winrt_windows_devices_radios-3.2.1.tar.gz", hash = "sha256:4dc9b9d1501846049eb79428d64ec698d6476c27a357999b78a8331072e18a0b", size = 5908, upload-time = "2025-06-06T14:41:44.868Z" }
wheels = [
    { url = "https://files.pythonhosted.org/packages/d1/94/c22a14fd424632f3f3c0b25672218db9e8f4ae9e1355e0b148f2fe6015b5/winrt_windows_devices_radios-3.2.1-cp313-cp313-win32.whl", hash = "sha256:ae4a0065927fcd2d10215223f8a46be6fb89bad71cb4edd25dae3d01c137b3a8", size = 38613, upload-time = "2025-06-06T07:08:04.077Z" },
    { url = "https://files.pythonhosted.org/packages/39/c1/24cec0cc228642554b48d436a7617d7162fb952919c55fc26e2d99c310bd/winrt_windows_devices_radios-3.2.1-cp313-cp313-win_amd64.whl", hash = "sha256:bf1a975f46a2aa271ffea1340be0c7e64985050d07433e701343dddc22a72290", size = 40180, upload-time = "2025-06-06T07:08:04.849Z" },
    { url = "https://files.pythonhosted.org/packages/ca/d3/776453af26e78c0d0c0e1bfa89f86fd81322872f31a3e5dafb344dd47bf2/winrt_windows_devices_radios-3.2.1-cp313-cp313-win_arm64.whl", hash = "sha256:10b298ed154c5824cea2de174afce1694ed2aabfb58826de814074027ffef96f", size = 36989, upload-time = "2025-06-06T07:08:05.576Z" },
]

[[package]]
name = "winrt-windows-foundation"
version = "3.2.1"
source = { registry = "https://pypi.org/simple" }
dependencies = [
    { name = "winrt-runtime" },
]
sdist = { url = "https://files.pythonhosted.org/packages/0c/55/098ce7ea0679efcc1298b269c48768f010b6c68f90c588f654ec874c8a74/winrt_windows_foundation-3.2.1.tar.gz", hash = "sha256:ad2f1fcaa6c34672df45527d7c533731fdf65b67c4638c2b4aca949f6eec0656", size = 30485, upload-time = "2025-06-06T14:41:53.344Z" }
wheels = [
    { url = "https://files.pythonhosted.org/packages/7b/71/5e87131e4aecc8546c76b9e190bfe4e1292d028bda3f9dd03b005d19c76c/winrt_windows_foundation-3.2.1-cp313-cp313-win32.whl", hash = "sha256:3998dc58ed50ecbdbabace1cdef3a12920b725e32a5806d648ad3f4829d5ba46", size = 112184, upload-time = "2025-06-06T07:11:04.459Z" },
    { url = "https://files.pythonhosted.org/packages/ba/7f/8d5108461351d4f6017f550af8874e90c14007f9122fa2eab9f9e0e9b4e1/winrt_windows_foundation-3.2.1-cp313-cp313-win_amd64.whl", hash = "sha256:6e98617c1e46665c7a56ce3f5d28e252798416d1ebfee3201267a644a4e3c479", size = 118672, upload-time = "2025-06-06T07:11:05.55Z" },
    { url = "https://files.pythonhosted.org/packages/44/f5/2edf70922a3d03500dab17121b90d368979bd30016f6dbca0d043f0c71f1/winrt_windows_foundation-3.2.1-cp313-cp313-win_arm64.whl", hash = "sha256:2a8c1204db5c352f6a563130a5a41d25b887aff7897bb677d4ff0b660315aad4", size = 109673, upload-time = "2025-06-06T07:11:06.398Z" },
]

[[package]]
name = "winrt-windows-foundation-collections"
version = "3.2.1"
source = { registry = "https://pypi.org/simple" }
dependencies = [
    { name = "winrt-runtime" },
]
sdist = { url = "https://files.pythonhosted.org/packages/ef/62/d21e3f1eeb8d47077887bbf0c3882c49277a84d8f98f7c12bda64d498a07/winrt_windows_foundation_collections-3.2.1.tar.gz", hash = "sha256:0eff1ad0d8d763ad17e9e7bbd0c26a62b27215016393c05b09b046d6503ae6d5", size = 16043, upload-time = "2025-06-06T14:41:53.983Z" }
wheels = [
    { url = "https://files.pythonhosted.org/packages/a6/cd/99ef050d80bea2922fa1ded93e5c250732634095d8bd3595dd808083e5ca/winrt_windows_foundation_collections-3.2.1-cp313-cp313-win32.whl", hash = "sha256:4267a711b63476d36d39227883aeb3fb19ac92b88a9fc9973e66fbce1fd4aed9", size = 60063, upload-time = "2025-06-06T07:11:18.65Z" },
    { url = "https://files.pythonhosted.org/packages/94/93/4f75fd6a4c96f1e9bee198c5dc9a9b57e87a9c38117e1b5e423401886353/winrt_windows_foundation_collections-3.2.1-cp313-cp313-win_amd64.whl", hash = "sha256:5e12a6e75036ee90484c33e204b85fb6785fcc9e7c8066ad65097301f48cdd10", size = 69057, upload-time = "2025-06-06T07:11:19.446Z" },
    { url = "https://files.pythonhosted.org/packages/40/76/de47ccc390017ec5575e7e7fd9f659ee3747c52049cdb2969b1b538ce947/winrt_windows_foundation_collections-3.2.1-cp313-cp313-win_arm64.whl", hash = "sha256:34b556255562f1b36d07fba933c2bcd9f0db167fa96727a6cbb4717b152ad7a2", size = 58792, upload-time = "2025-06-06T07:11:20.24Z" },
]

[[package]]
name = "winrt-windows-storage-streams"
version = "3.2.1"
source = { registry = "https://pypi.org/simple" }
dependencies = [
    { name = "winrt-runtime" },
]
sdist = { url = "https://files.pythonhosted.org/packages/00/50/f4488b07281566e3850fcae1021f0285c9653992f60a915e15567047db63/winrt_windows_storage_streams-3.2.1.tar.gz", hash = "sha256:476f522722751eb0b571bc7802d85a82a3cae8b1cce66061e6e758f525e7b80f", size = 34335, upload-time = "2025-06-06T14:43:23.905Z" }
wheels = [
    { url = "https://files.pythonhosted.org/packages/d9/d2/24d9f59bdc05e741261d5bec3bcea9a848d57714126a263df840e2b515a8/winrt_windows_storage_streams-3.2.1-cp313-cp313-win32.whl", hash = "sha256:401bb44371720dc43bd1e78662615a2124372e7d5d9d65dfa8f77877bbcb8163", size = 127774, upload-time = "2025-06-06T14:02:04.752Z" },
    { url = "https://files.pythonhosted.org/packages/15/59/601724453b885265c7779d5f8025b043a68447cbc64ceb9149d674d5b724/winrt_windows_storage_streams-3.2.1-cp313-cp313-win_amd64.whl", hash = "sha256:202c5875606398b8bfaa2a290831458bb55f2196a39c1d4e5fa88a03d65ef915", size = 131827, upload-time = "2025-06-06T14:02:05.601Z" },
    { url = "https://files.pythonhosted.org/packages/fb/c2/a419675a6087c9ea496968c9b7805ef234afa585b7483e2269608a12b044/winrt_windows_storage_streams-3.2.1-cp313-cp313-win_arm64.whl", hash = "sha256:ca3c5ec0aab60895006bf61053a1aca6418bc7f9a27a34791ba3443b789d230d", size = 128180, upload-time = "2025-06-06T14:02:06.759Z" },
]
